
Microsoft Visual Studio Solution File, Format Version 12.00
# Visual Studio Version 17
VisualStudioVersion = 17.5.33502.453
MinimumVisualStudioVersion = 10.0.40219.1
Project("{9A19103F-16F7-4668-BE54-9A1E7A4F7556}") = "Proyecto.DA", "Proyecto.DA\Proyecto.DA.csproj", "{3011D18F-89B3-490E-AB18-0D1DBA32670D}"
EndProject
Project("{9A19103F-16F7-4668-BE54-9A1E7A4F7556}") = "Proyecto.BL", "Proyecto.BL\Proyecto.BL.csproj", "{202DC979-A64F-48D1-9D1C-8CF9ABF1A29A}"
EndProject
Project("{9A19103F-16F7-4668-BE54-9A1E7A4F7556}") = "Proyecto.Model", "Proyecto.Model\Proyecto.Model.csproj", "{A0AB3E55-6541-422B-92D1-5647DAD0E4D7}"
EndProject
Project("{9A19103F-16F7-4668-BE54-9A1E7A4F7556}") = "Proyecto.UI", "Proyecto.UI\Proyecto.UI.csproj", "{BC47D467-D847-462A-94FF-71E19CE1CE56}"
EndProject
Global
	GlobalSection(SolutionConfigurationPlatforms) = preSolution
		Debug|Any CPU = Debug|Any CPU
		Release|Any CPU = Release|Any CPU
	EndGlobalSection
	GlobalSection(ProjectConfigurationPlatforms) = postSolution
		{3011D18F-89B3-490E-AB18-0D1DBA32670D}.Debug|Any CPU.ActiveCfg = Debug|Any CPU
		{3011D18F-89B3-490E-AB18-0D1DBA32670D}.Debug|Any CPU.Build.0 = Debug|Any CPU
		{3011D18F-89B3-490E-AB18-0D1DBA32670D}.Release|Any CPU.ActiveCfg = Release|Any CPU
		{3011D18F-89B3-490E-AB18-0D1DBA32670D}.Release|Any CPU.Build.0 = Release|Any CPU
		{202DC979-A64F-48D1-9D1C-8CF9ABF1A29A}.Debug|Any CPU.ActiveCfg = Debug|Any CPU
		{202DC979-A64F-48D1-9D1C-8CF9ABF1A29A}.Debug|Any CPU.Build.0 = Debug|Any CPU
		{202DC979-A64F-48D1-9D1C-8CF9ABF1A29A}.Release|Any CPU.ActiveCfg = Release|Any CPU
		{202DC979-A64F-48D1-9D1C-8CF9ABF1A29A}.Release|Any CPU.Build.0 = Release|Any CPU
		{A0AB3E55-6541-422B-92D1-5647DAD0E4D7}.Debug|Any CPU.ActiveCfg = Debug|Any CPU
		{A0AB3E55-6541-422B-92D1-5647DAD0E4D7}.Debug|Any CPU.Build.0 = Debug|Any CPU
		{A0AB3E55-6541-422B-92D1-5647DAD0E4D7}.Release|Any CPU.ActiveCfg = Release|Any CPU
		{A0AB3E55-6541-422B-92D1-5647DAD0E4D7}.Release|Any CPU.Build.0 = Release|Any CPU
		{BC47D467-D847-462A-94FF-71E19CE1CE56}.Debug|Any CPU.ActiveCfg = Debug|Any CPU
		{BC47D467-D847-462A-94FF-71E19CE1CE56}.Debug|Any CPU.Build.0 = Debug|Any CPU
		{BC47D467-D847-462A-94FF-71E19CE1CE56}.Release|Any CPU.ActiveCfg = Release|Any CPU
		{BC47D467-D847-462A-94FF-71E19CE1CE56}.Release|Any CPU.Build.0 = Release|Any CPU
	EndGlobalSection
	GlobalSection(SolutionProperties) = preSolution
		HideSolutionNode = FALSE
	EndGlobalSection
	GlobalSection(ExtensibilityGlobals) = postSolution
		SolutionGuid = {B1B051B6-3BA2-495E-B690-519201D68D4C}
	EndGlobalSection
EndGlobal
